
Microsoft Visual Studio Solution File, Format Version 12.00
# Visual Studio Version 17
VisualStudioVersion = 17.14.36121.58 d17.14
MinimumVisualStudioVersion = 10.0.40219.1
Project("{FAE04EC0-301F-11D3-BF4B-00C04F79EFBC}") = "EFCoreBasic", "EFCoreBasic.csproj", "{D6F5E55C-011A-488D-A212-149F559EB785}"
EndProject
Global
	GlobalSection(SolutionConfigurationPlatforms) = preSolution
		Debug|Any CPU = Debug|Any CPU
		Release|Any CPU = Release|Any CPU
	EndGlobalSection
	GlobalSection(ProjectConfigurationPlatforms) = postSolution
		{D6F5E55C-011A-488D-A212-149F559EB785}.Debug|Any CPU.ActiveCfg = Debug|Any CPU
		{D6F5E55C-011A-488D-A212-149F559EB785}.Debug|Any CPU.Build.0 = Debug|Any CPU
		{D6F5E55C-011A-488D-A212-149F559EB785}.Release|Any CPU.ActiveCfg = Release|Any CPU
		{D6F5E55C-011A-488D-A212-149F559EB785}.Release|Any CPU.Build.0 = Release|Any CPU
	EndGlobalSection
	GlobalSection(SolutionProperties) = preSolution
		HideSolutionNode = FALSE
	EndGlobalSection
	GlobalSection(ExtensibilityGlobals) = postSolution
		SolutionGuid = {188E6642-C229-4551-B51E-6427A1B2AF70}
	EndGlobalSection
EndGlobal
